
Microsoft Visual Studio Solution File, Format Version 11.00
# Visual Studio 2010
Project("{FAE04EC0-301F-11D3-BF4B-00C04F79EFBC}") = "Assembly-CSharp", "Assembly-CSharp.csproj", "{CFD7A822-D789-B54D-4522-2A0C0A7925AE}"
EndProject
Project("{FAE04EC0-301F-11D3-BF4B-00C04F79EFBC}") = "Assembly-CSharp-Editor", "Assembly-CSharp-Editor.csproj", "{A0E73587-4DB8-AC3D-5C6D-A6BC81B63EFD}"
EndProject
Global
	GlobalSection(SolutionConfigurationPlatforms) = preSolution
		Debug|Any CPU = Debug|Any CPU
		Release|Any CPU = Release|Any CPU
	EndGlobalSection
	GlobalSection(ProjectConfigurationPlatforms) = postSolution
		{CFD7A822-D789-B54D-4522-2A0C0A7925AE}.Debug|Any CPU.ActiveCfg = Debug|Any CPU
		{CFD7A822-D789-B54D-4522-2A0C0A7925AE}.Debug|Any CPU.Build.0 = Debug|Any CPU
		{CFD7A822-D789-B54D-4522-2A0C0A7925AE}.Release|Any CPU.ActiveCfg = Release|Any CPU
		{CFD7A822-D789-B54D-4522-2A0C0A7925AE}.Release|Any CPU.Build.0 = Release|Any CPU
		{A0E73587-4DB8-AC3D-5C6D-A6BC81B63EFD}.Debug|Any CPU.ActiveCfg = Debug|Any CPU
		{A0E73587-4DB8-AC3D-5C6D-A6BC81B63EFD}.Debug|Any CPU.Build.0 = Debug|Any CPU
		{A0E73587-4DB8-AC3D-5C6D-A6BC81B63EFD}.Release|Any CPU.ActiveCfg = Release|Any CPU
		{A0E73587-4DB8-AC3D-5C6D-A6BC81B63EFD}.Release|Any CPU.Build.0 = Release|Any CPU
	EndGlobalSection
	GlobalSection(SolutionProperties) = preSolution
		HideSolutionNode = FALSE
	EndGlobalSection
EndGlobal
